<Solution>
  <Folder Name="/ExceptionsDemo-Förbättrad/">
    <Project Path="ExceptionsDemo-Förbättrad/ExceptionsDemo.csproj" />
  </Folder>
  <Folder Name="/Flöde-via-Loopar/">
    <Project Path="Flöde-via-Loopar/Flöde-via-Loopar/Flöde-via-Loopar.csproj" />
  </Folder>
  <Project Path="Personalregister/Personalregister.csproj" />
</Solution>
